
Microsoft Visual Studio Solution File, Format Version 12.00
# Visual Studio Version 17
VisualStudioVersion = 17.13.35913.81 d17.13
MinimumVisualStudioVersion = 10.0.40219.1
Project("{FAE04EC0-301F-11D3-BF4B-00C04F79EFBC}") = "ADV-G2-Assignment1", "ADV-G2-Assignment1\ADV-G2-Assignment1.csproj", "{414C4FB6-E5B9-4B99-90B1-18C900E20462}"
EndProject
Global
	GlobalSection(SolutionConfigurationPlatforms) = preSolution
		Debug|Any CPU = Debug|Any CPU
		Release|Any CPU = Release|Any CPU
	EndGlobalSection
	GlobalSection(ProjectConfigurationPlatforms) = postSolution
		{414C4FB6-E5B9-4B99-90B1-18C900E20462}.Debug|Any CPU.ActiveCfg = Debug|Any CPU
		{414C4FB6-E5B9-4B99-90B1-18C900E20462}.Debug|Any CPU.Build.0 = Debug|Any CPU
		{414C4FB6-E5B9-4B99-90B1-18C900E20462}.Release|Any CPU.ActiveCfg = Release|Any CPU
		{414C4FB6-E5B9-4B99-90B1-18C900E20462}.Release|Any CPU.Build.0 = Release|Any CPU
	EndGlobalSection
	GlobalSection(SolutionProperties) = preSolution
		HideSolutionNode = FALSE
	EndGlobalSection
	GlobalSection(ExtensibilityGlobals) = postSolution
		SolutionGuid = {660FF59F-850D-4559-9C8C-4EE534935D26}
	EndGlobalSection
EndGlobal
