
Microsoft Visual Studio Solution File, Format Version 12.00
# Visual Studio Version 17
VisualStudioVersion = 17.13.35913.81 d17.13
MinimumVisualStudioVersion = 10.0.40219.1
Project("{FAE04EC0-301F-11D3-BF4B-00C04F79EFBC}") = "ADV 04 - G1", "ADV 04 - G1\ADV 04 - G1.csproj", "{F8F249DD-7776-4835-907F-B6A6A7198774}"
EndProject
Global
	GlobalSection(SolutionConfigurationPlatforms) = preSolution
		Debug|Any CPU = Debug|Any CPU
		Release|Any CPU = Release|Any CPU
	EndGlobalSection
	GlobalSection(ProjectConfigurationPlatforms) = postSolution
		{F8F249DD-7776-4835-907F-B6A6A7198774}.Debug|Any CPU.ActiveCfg = Debug|Any CPU
		{F8F249DD-7776-4835-907F-B6A6A7198774}.Debug|Any CPU.Build.0 = Debug|Any CPU
		{F8F249DD-7776-4835-907F-B6A6A7198774}.Release|Any CPU.ActiveCfg = Release|Any CPU
		{F8F249DD-7776-4835-907F-B6A6A7198774}.Release|Any CPU.Build.0 = Release|Any CPU
	EndGlobalSection
	GlobalSection(SolutionProperties) = preSolution
		HideSolutionNode = FALSE
	EndGlobalSection
	GlobalSection(ExtensibilityGlobals) = postSolution
		SolutionGuid = {17176A94-12A9-4477-94FC-ED43BC4D80D1}
	EndGlobalSection
EndGlobal
