
Microsoft Visual Studio Solution File, Format Version 12.00
# Visual Studio Version 17
VisualStudioVersion = 17.13.35913.81 d17.13
MinimumVisualStudioVersion = 10.0.40219.1
Project("{FAE04EC0-301F-11D3-BF4B-00C04F79EFBC}") = "ADV 02 - G2", "ADV 02 - G2\ADV 02 - G2.csproj", "{BB1DB265-2A71-4A42-8E72-A3D45FE89761}"
EndProject
Global
	GlobalSection(SolutionConfigurationPlatforms) = preSolution
		Debug|Any CPU = Debug|Any CPU
		Release|Any CPU = Release|Any CPU
	EndGlobalSection
	GlobalSection(ProjectConfigurationPlatforms) = postSolution
		{BB1DB265-2A71-4A42-8E72-A3D45FE89761}.Debug|Any CPU.ActiveCfg = Debug|Any CPU
		{BB1DB265-2A71-4A42-8E72-A3D45FE89761}.Debug|Any CPU.Build.0 = Debug|Any CPU
		{BB1DB265-2A71-4A42-8E72-A3D45FE89761}.Release|Any CPU.ActiveCfg = Release|Any CPU
		{BB1DB265-2A71-4A42-8E72-A3D45FE89761}.Release|Any CPU.Build.0 = Release|Any CPU
	EndGlobalSection
	GlobalSection(SolutionProperties) = preSolution
		HideSolutionNode = FALSE
	EndGlobalSection
	GlobalSection(ExtensibilityGlobals) = postSolution
		SolutionGuid = {9AC8D82C-9106-4DA1-B1AA-E453E389BF76}
	EndGlobalSection
EndGlobal
