
Microsoft Visual Studio Solution File, Format Version 12.00
# Visual Studio Version 17
VisualStudioVersion = 17.13.35913.81 d17.13
MinimumVisualStudioVersion = 10.0.40219.1
Project("{FAE04EC0-301F-11D3-BF4B-00C04F79EFBC}") = "LINQ 2 - G2", "LINQ 2 - G2\LINQ 2 - G2.csproj", "{C09858D4-E1BD-481D-B513-9C8A72939228}"
EndProject
Global
	GlobalSection(SolutionConfigurationPlatforms) = preSolution
		Debug|Any CPU = Debug|Any CPU
		Release|Any CPU = Release|Any CPU
	EndGlobalSection
	GlobalSection(ProjectConfigurationPlatforms) = postSolution
		{C09858D4-E1BD-481D-B513-9C8A72939228}.Debug|Any CPU.ActiveCfg = Debug|Any CPU
		{C09858D4-E1BD-481D-B513-9C8A72939228}.Debug|Any CPU.Build.0 = Debug|Any CPU
		{C09858D4-E1BD-481D-B513-9C8A72939228}.Release|Any CPU.ActiveCfg = Release|Any CPU
		{C09858D4-E1BD-481D-B513-9C8A72939228}.Release|Any CPU.Build.0 = Release|Any CPU
	EndGlobalSection
	GlobalSection(SolutionProperties) = preSolution
		HideSolutionNode = FALSE
	EndGlobalSection
	GlobalSection(ExtensibilityGlobals) = postSolution
		SolutionGuid = {4D14D769-3F32-4FD8-9B29-6AF7CF9B704B}
	EndGlobalSection
EndGlobal
